
Microsoft Visual Studio Solution File, Format Version 12.00
# Visual Studio Version 17
VisualStudioVersion = 17.0.32126.317
MinimumVisualStudioVersion = 10.0.40219.1
Project("{FAE04EC0-301F-11D3-BF4B-00C04F79EFBC}") = "BenchmarkForVsForeachDotnet5", "BenchmarkForVsForeachDotnet5\BenchmarkForVsForeachDotnet5.csproj", "{EFD54AC3-016A-4344-9C85-28251F87529D}"
EndProject
Global
	GlobalSection(SolutionConfigurationPlatforms) = preSolution
		Debug|Any CPU = Debug|Any CPU
		Release|Any CPU = Release|Any CPU
	EndGlobalSection
	GlobalSection(ProjectConfigurationPlatforms) = postSolution
		{EFD54AC3-016A-4344-9C85-28251F87529D}.Debug|Any CPU.ActiveCfg = Debug|Any CPU
		{EFD54AC3-016A-4344-9C85-28251F87529D}.Debug|Any CPU.Build.0 = Debug|Any CPU
		{EFD54AC3-016A-4344-9C85-28251F87529D}.Release|Any CPU.ActiveCfg = Release|Any CPU
		{EFD54AC3-016A-4344-9C85-28251F87529D}.Release|Any CPU.Build.0 = Release|Any CPU
	EndGlobalSection
	GlobalSection(SolutionProperties) = preSolution
		HideSolutionNode = FALSE
	EndGlobalSection
	GlobalSection(ExtensibilityGlobals) = postSolution
		SolutionGuid = {073A918F-86A4-463A-8F35-C1EADEA6F03A}
	EndGlobalSection
EndGlobal
